
Microsoft Visual Studio Solution File, Format Version 12.00
# Visual Studio Version 16
VisualStudioVersion = 16.0.29613.14
MinimumVisualStudioVersion = 10.0.40219.1
Project("{9A19103F-16F7-4668-BE54-9A1E7A4F7556}") = "DelegateTests.Console", "DelegateTests.Console\DelegateTests.Console.csproj", "{50E59EF7-0F15-40AE-8915-77B9EAF27CD5}"
EndProject
Project("{FAE04EC0-301F-11D3-BF4B-00C04F79EFBC}") = "DelegateTests", "DelegateTests\DelegateTests.csproj", "{5FA5805A-9465-4BC2-9F88-FB01CCB08660}"
EndProject
Global
	GlobalSection(SolutionConfigurationPlatforms) = preSolution
		Debug|Any CPU = Debug|Any CPU
		Release|Any CPU = Release|Any CPU
	EndGlobalSection
	GlobalSection(ProjectConfigurationPlatforms) = postSolution
		{50E59EF7-0F15-40AE-8915-77B9EAF27CD5}.Debug|Any CPU.ActiveCfg = Debug|Any CPU
		{50E59EF7-0F15-40AE-8915-77B9EAF27CD5}.Debug|Any CPU.Build.0 = Debug|Any CPU
		{50E59EF7-0F15-40AE-8915-77B9EAF27CD5}.Release|Any CPU.ActiveCfg = Release|Any CPU
		{50E59EF7-0F15-40AE-8915-77B9EAF27CD5}.Release|Any CPU.Build.0 = Release|Any CPU
		{5FA5805A-9465-4BC2-9F88-FB01CCB08660}.Debug|Any CPU.ActiveCfg = Debug|Any CPU
		{5FA5805A-9465-4BC2-9F88-FB01CCB08660}.Debug|Any CPU.Build.0 = Debug|Any CPU
		{5FA5805A-9465-4BC2-9F88-FB01CCB08660}.Release|Any CPU.ActiveCfg = Release|Any CPU
		{5FA5805A-9465-4BC2-9F88-FB01CCB08660}.Release|Any CPU.Build.0 = Release|Any CPU
	EndGlobalSection
	GlobalSection(SolutionProperties) = preSolution
		HideSolutionNode = FALSE
	EndGlobalSection
	GlobalSection(ExtensibilityGlobals) = postSolution
		SolutionGuid = {11B9A388-C5CD-4529-8D51-A622E5457D5D}
	EndGlobalSection
EndGlobal
